
Microsoft Visual Studio Solution File, Format Version 12.00
# Visual Studio 2013
VisualStudioVersion = 12.0.30723.0
MinimumVisualStudioVersion = 10.0.40219.1
Project("{8BC9CEB8-8B4A-11D0-8D11-00A0C91BC942}") = "light", "..\light\light\Src\light.vcxproj", "{1F0BAD05-FD7A-4ED2-AB46-DFDC00C1A61C}"
EndProject
Project("{8BC9CEB8-8B4A-11D0-8D11-00A0C91BC942}") = "name_generator", "name_generator\NameGenerator.vcxproj", "{258CA8B0-3637-4366-A278-2EF45BDB95D3}"
EndProject
Global
	GlobalSection(SolutionConfigurationPlatforms) = preSolution
		Debug|Win32 = Debug|Win32
		Release|Win32 = Release|Win32
	EndGlobalSection
	GlobalSection(ProjectConfigurationPlatforms) = postSolution
		{1F0BAD05-FD7A-4ED2-AB46-DFDC00C1A61C}.Debug|Win32.ActiveCfg = Debug|Win32
		{1F0BAD05-FD7A-4ED2-AB46-DFDC00C1A61C}.Debug|Win32.Build.0 = Debug|Win32
		{1F0BAD05-FD7A-4ED2-AB46-DFDC00C1A61C}.Release|Win32.ActiveCfg = Release|Win32
		{1F0BAD05-FD7A-4ED2-AB46-DFDC00C1A61C}.Release|Win32.Build.0 = Release|Win32
		{258CA8B0-3637-4366-A278-2EF45BDB95D3}.Debug|Win32.ActiveCfg = Debug|Win32
		{258CA8B0-3637-4366-A278-2EF45BDB95D3}.Debug|Win32.Build.0 = Debug|Win32
		{258CA8B0-3637-4366-A278-2EF45BDB95D3}.Release|Win32.ActiveCfg = Release|Win32
		{258CA8B0-3637-4366-A278-2EF45BDB95D3}.Release|Win32.Build.0 = Release|Win32
	EndGlobalSection
	GlobalSection(SolutionProperties) = preSolution
		HideSolutionNode = FALSE
	EndGlobalSection
	GlobalSection(SubversionScc) = preSolution
		Svn-Managed = True
		Manager = AnkhSVN - Subversion Support for Visual Studio
	EndGlobalSection
EndGlobal
